// !$*UTF8*$!
{
	archiveVersion = 1;
	classes = {
	};
	objectVersion = 46;
	objects = {

/* Begin PBXBuildFile section */
		3F7CC1351DC1D4320041605C /* 未收藏.png in Resources */ = {isa = PBXBuildFile; fileRef = 3F7CC1341DC1D4320041605C /* 未收藏.png */; settings = {ASSET_TAGS = (); }; };
		3F7CC1371DC1D4390041605C /* 已收藏.png in Resources */ = {isa = PBXBuildFile; fileRef = 3F7CC1361DC1D4390041605C /* 已收藏.png */; settings = {ASSET_TAGS = (); }; };
		3F7CC1441DC1DABE0041605C /* FMDatabase.m in Sources */ = {isa = PBXBuildFile; fileRef = 3F7CC13A1DC1DABE0041605C /* FMDatabase.m */; settings = {ASSET_TAGS = (); }; };
		3F7CC1451DC1DABE0041605C /* FMDatabaseAdditions.m in Sources */ = {isa = PBXBuildFile; fileRef = 3F7CC13C1DC1DABE0041605C /* FMDatabaseAdditions.m */; settings = {ASSET_TAGS = (); }; };
		3F7CC1461DC1DABE0041605C /* FMDatabasePool.m in Sources */ = {isa = PBXBuildFile; fileRef = 3F7CC13E1DC1DABE0041605C /* FMDatabasePool.m */; settings = {ASSET_TAGS = (); }; };
		3F7CC1471DC1DABE0041605C /* FMDatabaseQueue.m in Sources */ = {isa = PBXBuildFile; fileRef = 3F7CC1401DC1DABE0041605C /* FMDatabaseQueue.m */; settings = {ASSET_TAGS = (); }; };
		3F7CC1481DC1DABE0041605C /* FMResultSet.m in Sources */ = {isa = PBXBuildFile; fileRef = 3F7CC1431DC1DABE0041605C /* FMResultSet.m */; settings = {ASSET_TAGS = (); }; };
		3F7CC14A1DC1DAD60041605C /* libsqlite3.tbd in Frameworks */ = {isa = PBXBuildFile; fileRef = 3F7CC1491DC1DAD60041605C /* libsqlite3.tbd */; };
		3F9CA63E1DC09CA500454E42 /* main.m in Sources */ = {isa = PBXBuildFile; fileRef = 3F9CA63D1DC09CA500454E42 /* main.m */; };
		3F9CA6411DC09CA500454E42 /* AppDelegate.m in Sources */ = {isa = PBXBuildFile; fileRef = 3F9CA6401DC09CA500454E42 /* AppDelegate.m */; };
		3F9CA6441DC09CA500454E42 /* ViewController.m in Sources */ = {isa = PBXBuildFile; fileRef = 3F9CA6431DC09CA500454E42 /* ViewController.m */; };
		3F9CA6471DC09CA500454E42 /* Main.storyboard in Resources */ = {isa = PBXBuildFile; fileRef = 3F9CA6451DC09CA500454E42 /* Main.storyboard */; };
		3F9CA6491DC09CA500454E42 /* Assets.xcassets in Resources */ = {isa = PBXBuildFile; fileRef = 3F9CA6481DC09CA500454E42 /* Assets.xcassets */; };
		3F9CA64C1DC09CA500454E42 /* LaunchScreen.storyboard in Resources */ = {isa = PBXBuildFile; fileRef = 3F9CA64A1DC09CA500454E42 /* LaunchScreen.storyboard */; };
		3F9CA6571DC09CA500454E42 /* PoeTests.m in Sources */ = {isa = PBXBuildFile; fileRef = 3F9CA6561DC09CA500454E42 /* PoeTests.m */; };
		3F9CA6621DC09CA500454E42 /* PoeUITests.m in Sources */ = {isa = PBXBuildFile; fileRef = 3F9CA6611DC09CA500454E42 /* PoeUITests.m */; };
		3F9CA6751DC0A25A00454E42 /* PoeViewController.m in Sources */ = {isa = PBXBuildFile; fileRef = 3F9CA6731DC0A25A00454E42 /* PoeViewController.m */; settings = {ASSET_TAGS = (); }; };
		3F9CA6761DC0A25A00454E42 /* PoeViewController.xib in Resources */ = {isa = PBXBuildFile; fileRef = 3F9CA6741DC0A25A00454E42 /* PoeViewController.xib */; settings = {ASSET_TAGS = (); }; };
		3F9CA6791DC0A57A00454E42 /* PoeModel.m in Sources */ = {isa = PBXBuildFile; fileRef = 3F9CA6781DC0A57A00454E42 /* PoeModel.m */; settings = {ASSET_TAGS = (); }; };
		3F9CA67C1DC0A6B100454E42 /* PoeTool.m in Sources */ = {isa = PBXBuildFile; fileRef = 3F9CA67B1DC0A6B100454E42 /* PoeTool.m */; settings = {ASSET_TAGS = (); }; };
/* End PBXBuildFile section */

/* Begin PBXContainerItemProxy section */
		3F9CA6531DC09CA500454E42 /* PBXContainerItemProxy */ = {
			isa = PBXContainerItemProxy;
			containerPortal = 3F9CA6311DC09CA500454E42 /* Project object */;
			proxyType = 1;
			remoteGlobalIDString = 3F9CA6381DC09CA500454E42;
			remoteInfo = Poe;
		};
		3F9CA65E1DC09CA500454E42 /* PBXContainerItemProxy */ = {
			isa = PBXContainerItemProxy;
			containerPortal = 3F9CA6311DC09CA500454E42 /* Project object */;
			proxyType = 1;
			remoteGlobalIDString = 3F9CA6381DC09CA500454E42;
			remoteInfo = Poe;
		};
/* End PBXContainerItemProxy section */

/* Begin PBXFileReference section */
		3F7CC1341DC1D4320041605C /* 未收藏.png */ = {isa = PBXFileReference; lastKnownFileType = image.png; path = "未收藏.png"; sourceTree = "<group>"; };
		3F7CC1361DC1D4390041605C /* 已收藏.png */ = {isa = PBXFileReference; lastKnownFileType = image.png; path = "已收藏.png"; sourceTree = "<group>"; };
		3F7CC1391DC1DABE0041605C /* FMDatabase.h */ = {isa = PBXFileReference; fileEncoding = 4; lastKnownFileType = sourcecode.c.h; path = FMDatabase.h; sourceTree = "<group>"; };
		3F7CC13A1DC1DABE0041605C /* FMDatabase.m */ = {isa = PBXFileReference; fileEncoding = 4; lastKnownFileType = sourcecode.c.objc; path = FMDatabase.m; sourceTree = "<group>"; };
		3F7CC13B1DC1DABE0041605C /* FMDatabaseAdditions.h */ = {isa = PBXFileReference; fileEncoding = 4; lastKnownFileType = sourcecode.c.h; path = FMDatabaseAdditions.h; sourceTree = "<group>"; };
		3F7CC13C1DC1DABE0041605C /* FMDatabaseAdditions.m */ = {isa = PBXFileReference; fileEncoding = 4; lastKnownFileType = sourcecode.c.objc; path = FMDatabaseAdditions.m; sourceTree = "<group>"; };
		3F7CC13D1DC1DABE0041605C /* FMDatabasePool.h */ = {isa = PBXFileReference; fileEncoding = 4; lastKnownFileType = sourcecode.c.h; path = FMDatabasePool.h; sourceTree = "<group>"; };
		3F7CC13E1DC1DABE0041605C /* FMDatabasePool.m */ = {isa = PBXFileReference; fileEncoding = 4; lastKnownFileType = sourcecode.c.objc; path = FMDatabasePool.m; sourceTree = "<group>"; };
		3F7CC13F1DC1DABE0041605C /* FMDatabaseQueue.h */ = {isa = PBXFileReference; fileEncoding = 4; lastKnownFileType = sourcecode.c.h; path = FMDatabaseQueue.h; sourceTree = "<group>"; };
		3F7CC1401DC1DABE0041605C /* FMDatabaseQueue.m */ = {isa = PBXFileReference; fileEncoding = 4; lastKnownFileType = sourcecode.c.objc; path = FMDatabaseQueue.m; sourceTree = "<group>"; };
		3F7CC1411DC1DABE0041605C /* FMDB.h */ = {isa = PBXFileReference; fileEncoding = 4; lastKnownFileType = sourcecode.c.h; path = FMDB.h; sourceTree = "<group>"; };
		3F7CC1421DC1DABE0041605C /* FMResultSet.h */ = {isa = PBXFileReference; fileEncoding = 4; lastKnownFileType = sourcecode.c.h; path = FMResultSet.h; sourceTree = "<group>"; };
		3F7CC1431DC1DABE0041605C /* FMResultSet.m */ = {isa = PBXFileReference; fileEncoding = 4; lastKnownFileType = sourcecode.c.objc; path = FMResultSet.m; sourceTree = "<group>"; };
		3F7CC1491DC1DAD60041605C /* libsqlite3.tbd */ = {isa = PBXFileReference; lastKnownFileType = "sourcecode.text-based-dylib-definition"; name = libsqlite3.tbd; path = usr/lib/libsqlite3.tbd; sourceTree = SDKROOT; };
		3F9CA6391DC09CA500454E42 /* Poe.app */ = {isa = PBXFileReference; explicitFileType = wrapper.application; includeInIndex = 0; path = Poe.app; sourceTree = BUILT_PRODUCTS_DIR; };
		3F9CA63D1DC09CA500454E42 /* main.m */ = {isa = PBXFileReference; lastKnownFileType = sourcecode.c.objc; path = main.m; sourceTree = "<group>"; };
		3F9CA63F1DC09CA500454E42 /* AppDelegate.h */ = {isa = PBXFileReference; lastKnownFileType = sourcecode.c.h; path = AppDelegate.h; sourceTree = "<group>"; };
		3F9CA6401DC09CA500454E42 /* AppDelegate.m */ = {isa = PBXFileReference; lastKnownFileType = sourcecode.c.objc; path = AppDelegate.m; sourceTree = "<group>"; };
		3F9CA6421DC09CA500454E42 /* ViewController.h */ = {isa = PBXFileReference; lastKnownFileType = sourcecode.c.h; path = ViewController.h; sourceTree = "<group>"; };
		3F9CA6431DC09CA500454E42 /* ViewController.m */ = {isa = PBXFileReference; lastKnownFileType = sourcecode.c.objc; path = ViewController.m; sourceTree = "<group>"; };
		3F9CA6461DC09CA500454E42 /* Base */ = {isa = PBXFileReference; lastKnownFileType = file.storyboard; name = Base; path = Base.lproj/Main.storyboard; sourceTree = "<group>"; };
		3F9CA6481DC09CA500454E42 /* Assets.xcassets */ = {isa = PBXFileReference; lastKnownFileType = folder.assetcatalog; path = Assets.xcassets; sourceTree = "<group>"; };
		3F9CA64B1DC09CA500454E42 /* Base */ = {isa = PBXFileReference; lastKnownFileType = file.storyboard; name = Base; path = Base.lproj/LaunchScreen.storyboard; sourceTree = "<group>"; };
		3F9CA64D1DC09CA500454E42 /* Info.plist */ = {isa = PBXFileReference; lastKnownFileType = text.plist.xml; path = Info.plist; sourceTree = "<group>"; };
		3F9CA6521DC09CA500454E42 /* PoeTests.xctest */ = {isa = PBXFileReference; explicitFileType = wrapper.cfbundle; includeInIndex = 0; path = PoeTests.xctest; sourceTree = BUILT_PRODUCTS_DIR; };
		3F9CA6561DC09CA500454E42 /* PoeTests.m */ = {isa = PBXFileReference; lastKnownFileType = sourcecode.c.objc; path = PoeTests.m; sourceTree = "<group>"; };
		3F9CA6581DC09CA500454E42 /* Info.plist */ = {isa = PBXFileReference; lastKnownFileType = text.plist.xml; path = Info.plist; sourceTree = "<group>"; };
		3F9CA65D1DC09CA500454E42 /* PoeUITests.xctest */ = {isa = PBXFileReference; explicitFileType = wrapper.cfbundle; includeInIndex = 0; path = PoeUITests.xctest; sourceTree = BUILT_PRODUCTS_DIR; };
		3F9CA6611DC09CA500454E42 /* PoeUITests.m */ = {isa = PBXFileReference; lastKnownFileType = sourcecode.c.objc; path = PoeUITests.m; sourceTree = "<group>"; };
		3F9CA6631DC09CA500454E42 /* Info.plist */ = {isa = PBXFileReference; lastKnownFileType = text.plist.xml; path = Info.plist; sourceTree = "<group>"; };
		3F9CA6721DC0A25A00454E42 /* PoeViewController.h */ = {isa = PBXFileReference; fileEncoding = 4; lastKnownFileType = sourcecode.c.h; path = PoeViewController.h; sourceTree = "<group>"; };
		3F9CA6731DC0A25A00454E42 /* PoeViewController.m */ = {isa = PBXFileReference; fileEncoding = 4; lastKnownFileType = sourcecode.c.objc; path = PoeViewController.m; sourceTree = "<group>"; };
		3F9CA6741DC0A25A00454E42 /* PoeViewController.xib */ = {isa = PBXFileReference; fileEncoding = 4; lastKnownFileType = file.xib; path = PoeViewController.xib; sourceTree = "<group>"; };
		3F9CA6771DC0A57A00454E42 /* PoeModel.h */ = {isa = PBXFileReference; fileEncoding = 4; lastKnownFileType = sourcecode.c.h; path = PoeModel.h; sourceTree = "<group>"; };
		3F9CA6781DC0A57A00454E42 /* PoeModel.m */ = {isa = PBXFileReference; fileEncoding = 4; lastKnownFileType = sourcecode.c.objc; path = PoeModel.m; sourceTree = "<group>"; };
		3F9CA67A1DC0A6B100454E42 /* PoeTool.h */ = {isa = PBXFileReference; fileEncoding = 4; lastKnownFileType = sourcecode.c.h; path = PoeTool.h; sourceTree = "<group>"; };
		3F9CA67B1DC0A6B100454E42 /* PoeTool.m */ = {isa = PBXFileReference; fileEncoding = 4; lastKnownFileType = sourcecode.c.objc; path = PoeTool.m; sourceTree = "<group>"; };
/* End PBXFileReference section */

/* Begin PBXFrameworksBuildPhase section */
		3F9CA6361DC09CA500454E42 /* Frameworks */ = {
			isa = PBXFrameworksBuildPhase;
			buildActionMask = 2147483647;
			files = (
				3F7CC14A1DC1DAD60041605C /* libsqlite3.tbd in Frameworks */,
			);
			runOnlyForDeploymentPostprocessing = 0;
		};
		3F9CA64F1DC09CA500454E42 /* Frameworks */ = {
			isa = PBXFrameworksBuildPhase;
			buildActionMask = 2147483647;
			files = (
			);
			runOnlyForDeploymentPostprocessing = 0;
		};
		3F9CA65A1DC09CA500454E42 /* Frameworks */ = {
			isa = PBXFrameworksBuildPhase;
			buildActionMask = 2147483647;
			files = (
			);
			runOnlyForDeploymentPostprocessing = 0;
		};
/* End PBXFrameworksBuildPhase section */

/* Begin PBXGroup section */
		3F7CC1381DC1DABE0041605C /* fmdb */ = {
			isa = PBXGroup;
			children = (
				3F7CC1391DC1DABE0041605C /* FMDatabase.h */,
				3F7CC13A1DC1DABE0041605C /* FMDatabase.m */,
				3F7CC13B1DC1DABE0041605C /* FMDatabaseAdditions.h */,
				3F7CC13C1DC1DABE0041605C /* FMDatabaseAdditions.m */,
				3F7CC13D1DC1DABE0041605C /* FMDatabasePool.h */,
				3F7CC13E1DC1DABE0041605C /* FMDatabasePool.m */,
				3F7CC13F1DC1DABE0041605C /* FMDatabaseQueue.h */,
				3F7CC1401DC1DABE0041605C /* FMDatabaseQueue.m */,
				3F7CC1411DC1DABE0041605C /* FMDB.h */,
				3F7CC1421DC1DABE0041605C /* FMResultSet.h */,
				3F7CC1431DC1DABE0041605C /* FMResultSet.m */,
			);
			path = fmdb;
			sourceTree = "<group>";
		};
		3F9CA6301DC09CA500454E42 = {
			isa = PBXGroup;
			children = (
				3F7CC1491DC1DAD60041605C /* libsqlite3.tbd */,
				3F9CA63B1DC09CA500454E42 /* Poe */,
				3F9CA6551DC09CA500454E42 /* PoeTests */,
				3F9CA6601DC09CA500454E42 /* PoeUITests */,
				3F9CA63A1DC09CA500454E42 /* Products */,
			);
			sourceTree = "<group>";
		};
		3F9CA63A1DC09CA500454E42 /* Products */ = {
			isa = PBXGroup;
			children = (
				3F9CA6391DC09CA500454E42 /* Poe.app */,
				3F9CA6521DC09CA500454E42 /* PoeTests.xctest */,
				3F9CA65D1DC09CA500454E42 /* PoeUITests.xctest */,
			);
			name = Products;
			sourceTree = "<group>";
		};
		3F9CA63B1DC09CA500454E42 /* Poe */ = {
			isa = PBXGroup;
			children = (
				3F9CA63F1DC09CA500454E42 /* AppDelegate.h */,
				3F9CA6401DC09CA500454E42 /* AppDelegate.m */,
				3F9CA6421DC09CA500454E42 /* ViewController.h */,
				3F9CA6431DC09CA500454E42 /* ViewController.m */,
				3F9CA6451DC09CA500454E42 /* Main.storyboard */,
				3F9CA6481DC09CA500454E42 /* Assets.xcassets */,
				3F9CA64A1DC09CA500454E42 /* LaunchScreen.storyboard */,
				3F9CA64D1DC09CA500454E42 /* Info.plist */,
				3F9CA63C1DC09CA500454E42 /* Supporting Files */,
				3F9CA6721DC0A25A00454E42 /* PoeViewController.h */,
				3F9CA6731DC0A25A00454E42 /* PoeViewController.m */,
				3F9CA6741DC0A25A00454E42 /* PoeViewController.xib */,
				3F9CA6771DC0A57A00454E42 /* PoeModel.h */,
				3F9CA6781DC0A57A00454E42 /* PoeModel.m */,
				3F9CA67A1DC0A6B100454E42 /* PoeTool.h */,
				3F9CA67B1DC0A6B100454E42 /* PoeTool.m */,
				3F7CC1361DC1D4390041605C /* 已收藏.png */,
				3F7CC1341DC1D4320041605C /* 未收藏.png */,
				3F7CC1381DC1DABE0041605C /* fmdb */,
			);
			path = Poe;
			sourceTree = "<group>";
		};
		3F9CA63C1DC09CA500454E42 /* Supporting Files */ = {
			isa = PBXGroup;
			children = (
				3F9CA63D1DC09CA500454E42 /* main.m */,
			);
			name = "Supporting Files";
			sourceTree = "<group>";
		};
		3F9CA6551DC09CA500454E42 /* PoeTests */ = {
			isa = PBXGroup;
			children = (
				3F9CA6561DC09CA500454E42 /* PoeTests.m */,
				3F9CA6581DC09CA500454E42 /* Info.plist */,
			);
			path = PoeTests;
			sourceTree = "<group>";
		};
		3F9CA6601DC09CA500454E42 /* PoeUITests */ = {
			isa = PBXGroup;
			children = (
				3F9CA6611DC09CA500454E42 /* PoeUITests.m */,
				3F9CA6631DC09CA500454E42 /* Info.plist */,
			);
			path = PoeUITests;
			sourceTree = "<group>";
		};
/* End PBXGroup section */

/* Begin PBXNativeTarget section */
		3F9CA6381DC09CA500454E42 /* Poe */ = {
			isa = PBXNativeTarget;
			buildConfigurationList = 3F9CA6661DC09CA500454E42 /* Build configuration list for PBXNativeTarget "Poe" */;
			buildPhases = (
				3F9CA6351DC09CA500454E42 /* Sources */,
				3F9CA6361DC09CA500454E42 /* Frameworks */,
				3F9CA6371DC09CA500454E42 /* Resources */,
			);
			buildRules = (
			);
			dependencies = (
			);
			name = Poe;
			productName = Poe;
			productReference = 3F9CA6391DC09CA500454E42 /* Poe.app */;
			productType = "com.apple.product-type.application";
		};
		3F9CA6511DC09CA500454E42 /* PoeTests */ = {
			isa = PBXNativeTarget;
			buildConfigurationList = 3F9CA6691DC09CA500454E42 /* Build configuration list for PBXNativeTarget "PoeTests" */;
			buildPhases = (
				3F9CA64E1DC09CA500454E42 /* Sources */,
				3F9CA64F1DC09CA500454E42 /* Frameworks */,
				3F9CA6501DC09CA500454E42 /* Resources */,
			);
			buildRules = (
			);
			dependencies = (
				3F9CA6541DC09CA500454E42 /* PBXTargetDependency */,
			);
			name = PoeTests;
			productName = PoeTests;
			productReference = 3F9CA6521DC09CA500454E42 /* PoeTests.xctest */;
			productType = "com.apple.product-type.bundle.unit-test";
		};
		3F9CA65C1DC09CA500454E42 /* PoeUITests */ = {
			isa = PBXNativeTarget;
			buildConfigurationList = 3F9CA66C1DC09CA500454E42 /* Build configuration list for PBXNativeTarget "PoeUITests" */;
			buildPhases = (
				3F9CA6591DC09CA500454E42 /* Sources */,
				3F9CA65A1DC09CA500454E42 /* Frameworks */,
				3F9CA65B1DC09CA500454E42 /* Resources */,
			);
			buildRules = (
			);
			dependencies = (
				3F9CA65F1DC09CA500454E42 /* PBXTargetDependency */,
			);
			name = PoeUITests;
			productName = PoeUITests;
			productReference = 3F9CA65D1DC09CA500454E42 /* PoeUITests.xctest */;
			productType = "com.apple.product-type.bundle.ui-testing";
		};
/* End PBXNativeTarget section */

/* Begin PBXProject section */
		3F9CA6311DC09CA500454E42 /* Project object */ = {
			isa = PBXProject;
			attributes = {
				LastUpgradeCheck = 0700;
				ORGANIZATIONNAME = lanou;
				TargetAttributes = {
					3F9CA6381DC09CA500454E42 = {
						CreatedOnToolsVersion = 7.0.1;
						DevelopmentTeam = K69T45G5TL;
					};
					3F9CA6511DC09CA500454E42 = {
						CreatedOnToolsVersion = 7.0.1;
						DevelopmentTeam = K69T45G5TL;
						TestTargetID = 3F9CA6381DC09CA500454E42;
					};
					3F9CA65C1DC09CA500454E42 = {
						CreatedOnToolsVersion = 7.0.1;
						DevelopmentTeam = K69T45G5TL;
						TestTargetID = 3F9CA6381DC09CA500454E42;
					};
				};
			};
			buildConfigurationList = 3F9CA6341DC09CA500454E42 /* Build configuration list for PBXProject "Poe" */;
			compatibilityVersion = "Xcode 3.2";
			developmentRegion = English;
			hasScannedForEncodings = 0;
			knownRegions = (
				en,
				Base,
			);
			mainGroup = 3F9CA6301DC09CA500454E42;
			productRefGroup = 3F9CA63A1DC09CA500454E42 /* Products */;
			projectDirPath = "";
			projectRoot = "";
			targets = (
				3F9CA6381DC09CA500454E42 /* Poe */,
				3F9CA6511DC09CA500454E42 /* PoeTests */,
				3F9CA65C1DC09CA500454E42 /* PoeUITests */,
			);
		};
/* End PBXProject section */

/* Begin PBXResourcesBuildPhase section */
		3F9CA6371DC09CA500454E42 /* Resources */ = {
			isa = PBXResourcesBuildPhase;
			buildActionMask = 2147483647;
			files = (
				3F9CA64C1DC09CA500454E42 /* LaunchScreen.storyboard in Resources */,
				3F9CA6761DC0A25A00454E42 /* PoeViewController.xib in Resources */,
				3F9CA6491DC09CA500454E42 /* Assets.xcassets in Resources */,
				3F7CC1371DC1D4390041605C /* 已收藏.png in Resources */,
				3F7CC1351DC1D4320041605C /* 未收藏.png in Resources */,
				3F9CA6471DC09CA500454E42 /* Main.storyboard in Resources */,
			);
			runOnlyForDeploymentPostprocessing = 0;
		};
		3F9CA6501DC09CA500454E42 /* Resources */ = {
			isa = PBXResourcesBuildPhase;
			buildActionMask = 2147483647;
			files = (
			);
			runOnlyForDeploymentPostprocessing = 0;
		};
		3F9CA65B1DC09CA500454E42 /* Resources */ = {
			isa = PBXResourcesBuildPhase;
			buildActionMask = 2147483647;
			files = (
			);
			runOnlyForDeploymentPostprocessing = 0;
		};
/* End PBXResourcesBuildPhase section */

/* Begin PBXSourcesBuildPhase section */
		3F9CA6351DC09CA500454E42 /* Sources */ = {
			isa = PBXSourcesBuildPhase;
			buildActionMask = 2147483647;
			files = (
				3F9CA67C1DC0A6B100454E42 /* PoeTool.m in Sources */,
				3F9CA6791DC0A57A00454E42 /* PoeModel.m in Sources */,
				3F9CA6441DC09CA500454E42 /* ViewController.m in Sources */,
				3F7CC1441DC1DABE0041605C /* FMDatabase.m in Sources */,
				3F7CC1461DC1DABE0041605C /* FMDatabasePool.m in Sources */,
				3F7CC1471DC1DABE0041605C /* FMDatabaseQueue.m in Sources */,
				3F9CA6751DC0A25A00454E42 /* PoeViewController.m in Sources */,
				3F9CA6411DC09CA500454E42 /* AppDelegate.m in Sources */,
				3F7CC1481DC1DABE0041605C /* FMResultSet.m in Sources */,
				3F9CA63E1DC09CA500454E42 /* main.m in Sources */,
				3F7CC1451DC1DABE0041605C /* FMDatabaseAdditions.m in Sources */,
			);
			runOnlyForDeploymentPostprocessing = 0;
		};
		3F9CA64E1DC09CA500454E42 /* Sources */ = {
			isa = PBXSourcesBuildPhase;
			buildActionMask = 2147483647;
			files = (
				3F9CA6571DC09CA500454E42 /* PoeTests.m in Sources */,
			);
			runOnlyForDeploymentPostprocessing = 0;
		};
		3F9CA6591DC09CA500454E42 /* Sources */ = {
			isa = PBXSourcesBuildPhase;
			buildActionMask = 2147483647;
			files = (
				3F9CA6621DC09CA500454E42 /* PoeUITests.m in Sources */,
			);
			runOnlyForDeploymentPostprocessing = 0;
		};
/* End PBXSourcesBuildPhase section */

/* Begin PBXTargetDependency section */
		3F9CA6541DC09CA500454E42 /* PBXTargetDependency */ = {
			isa = PBXTargetDependency;
			target = 3F9CA6381DC09CA500454E42 /* Poe */;
			targetProxy = 3F9CA6531DC09CA500454E42 /* PBXContainerItemProxy */;
		};
		3F9CA65F1DC09CA500454E42 /* PBXTargetDependency */ = {
			isa = PBXTargetDependency;
			target = 3F9CA6381DC09CA500454E42 /* Poe */;
			targetProxy = 3F9CA65E1DC09CA500454E42 /* PBXContainerItemProxy */;
		};
/* End PBXTargetDependency section */

/* Begin PBXVariantGroup section */
		3F9CA6451DC09CA500454E42 /* Main.storyboard */ = {
			isa = PBXVariantGroup;
			children = (
				3F9CA6461DC09CA500454E42 /* Base */,
			);
			name = Main.storyboard;
			sourceTree = "<group>";
		};
		3F9CA64A1DC09CA500454E42 /* LaunchScreen.storyboard */ = {
			isa = PBXVariantGroup;
			children = (
				3F9CA64B1DC09CA500454E42 /* Base */,
			);
			name = LaunchScreen.storyboard;
			sourceTree = "<group>";
		};
/* End PBXVariantGroup section */

/* Begin XCBuildConfiguration section */
		3F9CA6641DC09CA500454E42 /* Debug */ = {
			isa = XCBuildConfiguration;
			buildSettings = {
				ALWAYS_SEARCH_USER_PATHS = NO;
				CLANG_CXX_LANGUAGE_STANDARD = "gnu++0x";
				CLANG_CXX_LIBRARY = "libc++";
				CLANG_ENABLE_MODULES = YES;
				CLANG_ENABLE_OBJC_ARC = YES;
				CLANG_WARN_BOOL_CONVERSION = YES;
				CLANG_WARN_CONSTANT_CONVERSION = YES;
				CLANG_WARN_DIRECT_OBJC_ISA_USAGE = YES_ERROR;
				CLANG_WARN_EMPTY_BODY = YES;
				CLANG_WARN_ENUM_CONVERSION = YES;
				CLANG_WARN_INT_CONVERSION = YES;
				CLANG_WARN_OBJC_ROOT_CLASS = YES_ERROR;
				CLANG_WARN_UNREACHABLE_CODE = YES;
				CLANG_WARN__DUPLICATE_METHOD_MATCH = YES;
				"CODE_SIGN_IDENTITY[sdk=iphoneos*]" = "iPhone Developer";
				COPY_PHASE_STRIP = NO;
				DEBUG_INFORMATION_FORMAT = dwarf;
				ENABLE_STRICT_OBJC_MSGSEND = YES;
				ENABLE_TESTABILITY = YES;
				GCC_C_LANGUAGE_STANDARD = gnu99;
				GCC_DYNAMIC_NO_PIC = NO;
				GCC_NO_COMMON_BLOCKS = YES;
				GCC_OPTIMIZATION_LEVEL = 0;
				GCC_PREPROCESSOR_DEFINITIONS = (
					"DEBUG=1",
					"$(inherited)",
				);
				GCC_WARN_64_TO_32_BIT_CONVERSION = YES;
				GCC_WARN_ABOUT_RETURN_TYPE = YES_ERROR;
				GCC_WARN_UNDECLARED_SELECTOR = YES;
				GCC_WARN_UNINITIALIZED_AUTOS = YES_AGGRESSIVE;
				GCC_WARN_UNUSED_FUNCTION = YES;
				GCC_WARN_UNUSED_VARIABLE = YES;
				IPHONEOS_DEPLOYMENT_TARGET = 9.0;
				MTL_ENABLE_DEBUG_INFO = YES;
				ONLY_ACTIVE_ARCH = YES;
				SDKROOT = iphoneos;
			};
			name = Debug;
		};
		3F9CA6651DC09CA500454E42 /* Release */ = {
			isa = XCBuildConfiguration;
			buildSettings = {
				ALWAYS_SEARCH_USER_PATHS = NO;
				CLANG_CXX_LANGUAGE_STANDARD = "gnu++0x";
				CLANG_CXX_LIBRARY = "libc++";
				CLANG_ENABLE_MODULES = YES;
				CLANG_ENABLE_OBJC_ARC = YES;
				CLANG_WARN_BOOL_CONVERSION = YES;
				CLANG_WARN_CONSTANT_CONVERSION = YES;
				CLANG_WARN_DIRECT_OBJC_ISA_USAGE = YES_ERROR;
				CLANG_WARN_EMPTY_BODY = YES;
				CLANG_WARN_ENUM_CONVERSION = YES;
				CLANG_WARN_INT_CONVERSION = YES;
				CLANG_WARN_OBJC_ROOT_CLASS = YES_ERROR;
				CLANG_WARN_UNREACHABLE_CODE = YES;
				CLANG_WARN__DUPLICATE_METHOD_MATCH = YES;
				"CODE_SIGN_IDENTITY[sdk=iphoneos*]" = "iPhone Developer";
				COPY_PHASE_STRIP = NO;
				DEBUG_INFORMATION_FORMAT = "dwarf-with-dsym";
				ENABLE_NS_ASSERTIONS = NO;
				ENABLE_STRICT_OBJC_MSGSEND = YES;
				GCC_C_LANGUAGE_STANDARD = gnu99;
				GCC_NO_COMMON_BLOCKS = YES;
				GCC_WARN_64_TO_32_BIT_CONVERSION = YES;
				GCC_WARN_ABOUT_RETURN_TYPE = YES_ERROR;
				GCC_WARN_UNDECLARED_SELECTOR = YES;
				GCC_WARN_UNINITIALIZED_AUTOS = YES_AGGRESSIVE;
				GCC_WARN_UNUSED_FUNCTION = YES;
				GCC_WARN_UNUSED_VARIABLE = YES;
				IPHONEOS_DEPLOYMENT_TARGET = 9.0;
				MTL_ENABLE_DEBUG_INFO = NO;
				SDKROOT = iphoneos;
				VALIDATE_PRODUCT = YES;
			};
			name = Release;
		};
		3F9CA6671DC09CA500454E42 /* Debug */ = {
			isa = XCBuildConfiguration;
			buildSettings = {
				ASSETCATALOG_COMPILER_APPICON_NAME = AppIcon;
				INFOPLIST_FILE = Poe/Info.plist;
				LD_RUNPATH_SEARCH_PATHS = "$(inherited) @executable_path/Frameworks";
				PRODUCT_BUNDLE_IDENTIFIER = llll.Poe;
				PRODUCT_NAME = "$(TARGET_NAME)";
			};
			name = Debug;
		};
		3F9CA6681DC09CA500454E42 /* Release */ = {
			isa = XCBuildConfiguration;
			buildSettings = {
				ASSETCATALOG_COMPILER_APPICON_NAME = AppIcon;
				INFOPLIST_FILE = Poe/Info.plist;
				LD_RUNPATH_SEARCH_PATHS = "$(inherited) @executable_path/Frameworks";
				PRODUCT_BUNDLE_IDENTIFIER = llll.Poe;
				PRODUCT_NAME = "$(TARGET_NAME)";
			};
			name = Release;
		};
		3F9CA66A1DC09CA500454E42 /* Debug */ = {
			isa = XCBuildConfiguration;
			buildSettings = {
				BUNDLE_LOADER = "$(TEST_HOST)";
				INFOPLIST_FILE = PoeTests/Info.plist;
				LD_RUNPATH_SEARCH_PATHS = "$(inherited) @executable_path/Frameworks @loader_path/Frameworks";
				PRODUCT_BUNDLE_IDENTIFIER = llll.PoeTests;
				PRODUCT_NAME = "$(TARGET_NAME)";
				TEST_HOST = "$(BUILT_PRODUCTS_DIR)/Poe.app/Poe";
			};
			name = Debug;
		};
		3F9CA66B1DC09CA500454E42 /* Release */ = {
			isa = XCBuildConfiguration;
			buildSettings = {
				BUNDLE_LOADER = "$(TEST_HOST)";
				INFOPLIST_FILE = PoeTests/Info.plist;
				LD_RUNPATH_SEARCH_PATHS = "$(inherited) @executable_path/Frameworks @loader_path/Frameworks";
				PRODUCT_BUNDLE_IDENTIFIER = llll.PoeTests;
				PRODUCT_NAME = "$(TARGET_NAME)";
				TEST_HOST = "$(BUILT_PRODUCTS_DIR)/Poe.app/Poe";
			};
			name = Release;
		};
		3F9CA66D1DC09CA500454E42 /* Debug */ = {
			isa = XCBuildConfiguration;
			buildSettings = {
				INFOPLIST_FILE = PoeUITests/Info.plist;
				LD_RUNPATH_SEARCH_PATHS = "$(inherited) @executable_path/Frameworks @loader_path/Frameworks";
				PRODUCT_BUNDLE_IDENTIFIER = llll.PoeUITests;
				PRODUCT_NAME = "$(TARGET_NAME)";
				TEST_TARGET_NAME = Poe;
				USES_XCTRUNNER = YES;
			};
			name = Debug;
		};
		3F9CA66E1DC09CA500454E42 /* Release */ = {
			isa = XCBuildConfiguration;
			buildSettings = {
				INFOPLIST_FILE = PoeUITests/Info.plist;
				LD_RUNPATH_SEARCH_PATHS = "$(inherited) @executable_path/Frameworks @loader_path/Frameworks";
				PRODUCT_BUNDLE_IDENTIFIER = llll.PoeUITests;
				PRODUCT_NAME = "$(TARGET_NAME)";
				TEST_TARGET_NAME = Poe;
				USES_XCTRUNNER = YES;
			};
			name = Release;
		};
/* End XCBuildConfiguration section */

/* Begin XCConfigurationList section */
		3F9CA6341DC09CA500454E42 /* Build configuration list for PBXProject "Poe" */ = {
			isa = XCConfigurationList;
			buildConfigurations = (
				3F9CA6641DC09CA500454E42 /* Debug */,
				3F9CA6651DC09CA500454E42 /* Release */,
			);
			defaultConfigurationIsVisible = 0;
			defaultConfigurationName = Release;
		};
		3F9CA6661DC09CA500454E42 /* Build configuration list for PBXNativeTarget "Poe" */ = {
			isa = XCConfigurationList;
			buildConfigurations = (
				3F9CA6671DC09CA500454E42 /* Debug */,
				3F9CA6681DC09CA500454E42 /* Release */,
			);
			defaultConfigurationIsVisible = 0;
			defaultConfigurationName = Release;
		};
		3F9CA6691DC09CA500454E42 /* Build configuration list for PBXNativeTarget "PoeTests" */ = {
			isa = XCConfigurationList;
			buildConfigurations = (
				3F9CA66A1DC09CA500454E42 /* Debug */,
				3F9CA66B1DC09CA500454E42 /* Release */,
			);
			defaultConfigurationIsVisible = 0;
			defaultConfigurationName = Release;
		};
		3F9CA66C1DC09CA500454E42 /* Build configuration list for PBXNativeTarget "PoeUITests" */ = {
			isa = XCConfigurationList;
			buildConfigurations = (
				3F9CA66D1DC09CA500454E42 /* Debug */,
				3F9CA66E1DC09CA500454E42 /* Release */,
			);
			defaultConfigurationIsVisible = 0;
			defaultConfigurationName = Release;
		};
/* End XCConfigurationList section */
	};
	rootObject = 3F9CA6311DC09CA500454E42 /* Project object */;
}
